
Microsoft Visual Studio Solution File, Format Version 12.00
# Visual Studio Version 17
VisualStudioVersion = 17.4.33403.182
MinimumVisualStudioVersion = 10.0.40219.1
Project("{FAE04EC0-301F-11D3-BF4B-00C04F79EFBC}") = "Fullstack.API", "Fullstack.API.csproj", "{C6AB9E13-F3B0-4704-B45A-AC65FB9E7675}"
EndProject
Global
	GlobalSection(SolutionConfigurationPlatforms) = preSolution
		Debug|Any CPU = Debug|Any CPU
		Release|Any CPU = Release|Any CPU
	EndGlobalSection
	GlobalSection(ProjectConfigurationPlatforms) = postSolution
		{C6AB9E13-F3B0-4704-B45A-AC65FB9E7675}.Debug|Any CPU.ActiveCfg = Debug|Any CPU
		{C6AB9E13-F3B0-4704-B45A-AC65FB9E7675}.Debug|Any CPU.Build.0 = Debug|Any CPU
		{C6AB9E13-F3B0-4704-B45A-AC65FB9E7675}.Release|Any CPU.ActiveCfg = Release|Any CPU
		{C6AB9E13-F3B0-4704-B45A-AC65FB9E7675}.Release|Any CPU.Build.0 = Release|Any CPU
	EndGlobalSection
	GlobalSection(SolutionProperties) = preSolution
		HideSolutionNode = FALSE
	EndGlobalSection
	GlobalSection(ExtensibilityGlobals) = postSolution
		SolutionGuid = {A5BF4D08-FB93-4E36-B5B9-CA4FD287E8EF}
	EndGlobalSection
EndGlobal
